
Microsoft Visual Studio Solution File, Format Version 12.00
# Visual Studio Version 16
VisualStudioVersion = 16.0.29806.167
MinimumVisualStudioVersion = 10.0.40219.1
Project("{FAE04EC0-301F-11D3-BF4B-00C04F79EFBC}") = "Testgit", "Testgit\Testgit.csproj", "{AF29A7A1-C529-441B-AD8C-191316A52D1D}"
EndProject
Global
	GlobalSection(SolutionConfigurationPlatforms) = preSolution
		Debug|Any CPU = Debug|Any CPU
		Release|Any CPU = Release|Any CPU
	EndGlobalSection
	GlobalSection(ProjectConfigurationPlatforms) = postSolution
		{AF29A7A1-C529-441B-AD8C-191316A52D1D}.Debug|Any CPU.ActiveCfg = Debug|Any CPU
		{AF29A7A1-C529-441B-AD8C-191316A52D1D}.Debug|Any CPU.Build.0 = Debug|Any CPU
		{AF29A7A1-C529-441B-AD8C-191316A52D1D}.Release|Any CPU.ActiveCfg = Release|Any CPU
		{AF29A7A1-C529-441B-AD8C-191316A52D1D}.Release|Any CPU.Build.0 = Release|Any CPU
	EndGlobalSection
	GlobalSection(SolutionProperties) = preSolution
		HideSolutionNode = FALSE
	EndGlobalSection
	GlobalSection(ExtensibilityGlobals) = postSolution
		SolutionGuid = {1AB4A6C3-5B1C-45AA-9A70-FC3C5427E614}
	EndGlobalSection
EndGlobal
